Microsoft Visual Studio Solution File, Format Version 12.00
# Visual Studio Version 17
VisualStudioVersion = 17.5.2.0
MinimumVisualStudioVersion = 10.0.40219.1
Project("{FAE04EC0-301F-11D3-BF4B-00C04F79EFBC}") = "AutoServerPro", "AutoServerPro.csproj", "{60076092-72BD-4728-FF7B-490EF242D40E}"
EndProject
Global
	GlobalSection(SolutionConfigurationPlatforms) = preSolution
		Debug|Any CPU = Debug|Any CPU
		Release|Any CPU = Release|Any CPU
	EndGlobalSection
	GlobalSection(ProjectConfigurationPlatforms) = postSolution
		{60076092-72BD-4728-FF7B-490EF242D40E}.Debug|Any CPU.ActiveCfg = Debug|Any CPU
		{60076092-72BD-4728-FF7B-490EF242D40E}.Debug|Any CPU.Build.0 = Debug|Any CPU
		{60076092-72BD-4728-FF7B-490EF242D40E}.Release|Any CPU.ActiveCfg = Release|Any CPU
		{60076092-72BD-4728-FF7B-490EF242D40E}.Release|Any CPU.Build.0 = Release|Any CPU
	EndGlobalSection
	GlobalSection(SolutionProperties) = preSolution
		HideSolutionNode = FALSE
	EndGlobalSection
	GlobalSection(ExtensibilityGlobals) = postSolution
		SolutionGuid = {49F5FF55-95D6-4F2B-9EFA-AA77C64C6C74}
	EndGlobalSection
EndGlobal
